{
  "name": "displaytest",
  "version": "1.0.0",
  "lockfileVersion": 1,
  "requires": true,
  "dependencies": {
    "abbrev": {
      "version": "1.1.1",
      "resolved": "https://bin.barco.com/artifactory/api/npm/npm-virtual/abbrev/-/abbrev-1.1.1.tgz",
      "integrity": "sha1-+PLIh60Qv2f2NPAFtph/7TF5qsg="
    },
    "ansi-regex": {
      "version": "2.1.1",
      "resolved": "https://bin.barco.com/artifactory/api/npm/npm-virtual/ansi-regex/-/ansi-regex-2.1.1.tgz",
      "integrity": "sha1-w7M6te42DYbg5ijwRorn7yfWVN8="
    },
    "aproba": {
      "version": "1.2.0",
      "resolved": "https://bin.barco.com/artifactory/api/npm/npm-virtual/aproba/-/aproba-1.2.0.tgz",
      "integrity": "sha1-aALmJk79GMeQobDVF/DyYnvyyUo="
    },
    "are-we-there-yet": {
      "version": "1.1.4",
      "resolved": "https://bin.barco.com/artifactory/api/npm/npm-virtual/are-we-there-yet/-/are-we-there-yet-1.1.4.tgz",
      "integrity": "sha1-u13KOCu5TwXhUZQ3PRb9O6HKEQ0=",
      "requires": {
        "delegates": "1.0.0",
        "readable-stream": "2.3.3"
      }
    },
    "balanced-match": {
      "version": "1.0.0",
      "resolved": "https://bin.barco.com/artifactory/api/npm/npm-virtual/balanced-match/-/balanced-match-1.0.0.tgz",
      "integrity": "sha1-ibTRmasr7kneFk6gK4nORi1xt2c="
    },
    "brace-expansion": {
      "version": "1.1.8",
      "resolved": "https://bin.barco.com/artifactory/api/npm/npm-virtual/brace-expansion/-/brace-expansion-1.1.8.tgz",
      "integrity": "sha1-wHshHHyVLsH479Uad+8NHTmQopI=",
      "requires": {
        "balanced-match": "1.0.0",
        "concat-map": "0.0.1"
      }
    },
    "code-point-at": {
      "version": "1.1.0",
      "resolved": "https://bin.barco.com/artifactory/api/npm/npm-virtual/code-point-at/-/code-point-at-1.1.0.tgz",
      "integrity": "sha1-DQcLTQQ6W+ozovGkDi7bPZpMz3c="
    },
    "concat-map": {
      "version": "0.0.1",
      "resolved": "https://bin.barco.com/artifactory/api/npm/npm-virtual/concat-map/-/concat-map-0.0.1.tgz",
      "integrity": "sha1-2Klr13/Wjfd5OnMDajug1UBdR3s="
    },
    "console-control-strings": {
      "version": "1.1.0",
      "resolved": "https://bin.barco.com/artifactory/api/npm/npm-virtual/console-control-strings/-/console-control-strings-1.1.0.tgz",
      "integrity": "sha1-PXz0Rk22RG6mRL9LOVB/mFEAjo4="
    },
    "core-util-is": {
      "version": "1.0.2",
      "resolved": "https://bin.barco.com/artifactory/api/npm/npm-virtual/core-util-is/-/core-util-is-1.0.2.tgz",
      "integrity": "sha1-tf1UIgqivFq1eqtxQMlAdUUDwac="
    },
    "debug": {
      "version": "2.6.9",
      "resolved": "https://bin.barco.com/artifactory/api/npm/npm-virtual/debug/-/debug-2.6.9.tgz",
      "integrity": "sha1-XRKFFd8TT/Mn6QpMk/Tgd6U2NB8=",
      "requires": {
        "ms": "2.0.0"
      }
    },
    "delegates": {
      "version": "1.0.0",
      "resolved": "https://bin.barco.com/artifactory/api/npm/npm-virtual/delegates/-/delegates-1.0.0.tgz",
      "integrity": "sha1-hMbhWbgZBP3KWaDvRM2HDTElD5o="
    },
    "detect-libc": {
      "version": "1.0.3",
      "resolved": "https://bin.barco.com/artifactory/api/npm/npm-virtual/detect-libc/-/detect-libc-1.0.3.tgz",
      "integrity": "sha1-+hN8S9aY7fVc1c0CrFWfkaTEups="
    },
    "electron-is-dev": {
      "version": "1.0.1",
      "resolved": "https://bin.barco.com/artifactory/api/npm/npm-virtual/electron-is-dev/-/electron-is-dev-1.0.1.tgz",
      "integrity": "sha1-bgoYRzb+eup30YIQsLD2oCQCxLw="
    },
    "fs-minipass": {
      "version": "1.2.5",
      "resolved": "https://bin.barco.com/artifactory/api/npm/npm-virtual/fs-minipass/-/fs-minipass-1.2.5.tgz",
      "integrity": "sha1-BsJ3IYRU7CiN93raVKA7hwKqy50=",
      "requires": {
        "minipass": "2.3.3"
      }
    },
    "fs.realpath": {
      "version": "1.0.0",
      "resolved": "https://bin.barco.com/artifactory/api/npm/npm-virtual/fs.realpath/-/fs.realpath-1.0.0.tgz",
      "integrity": "sha1-FQStJSMVjKpA20onh8sBQRmU6k8="
    },
    "gauge": {
      "version": "2.7.4",
      "resolved": "https://bin.barco.com/artifactory/api/npm/npm-virtual/gauge/-/gauge-2.7.4.tgz",
      "integrity": "sha1-LANAXHU4w51+s3sxcCLjJfsBi/c=",
      "requires": {
        "aproba": "1.2.0",
        "console-control-strings": "1.1.0",
        "has-unicode": "2.0.1",
        "object-assign": "4.1.1",
        "signal-exit": "3.0.2",
        "string-width": "1.0.2",
        "strip-ansi": "3.0.1",
        "wide-align": "1.1.2"
      }
    },
    "glob": {
      "version": "7.1.2",
      "resolved": "https://bin.barco.com/artifactory/api/npm/npm-virtual/glob/-/glob-7.1.2.tgz",
      "integrity": "sha1-wZyd+aAocC1nhhI4SmVSQExjbRU=",
      "requires": {
        "fs.realpath": "1.0.0",
        "inflight": "1.0.6",
        "inherits": "2.0.3",
        "minimatch": "3.0.4",
        "once": "1.4.0",
        "path-is-absolute": "1.0.1"
      }
    },
    "has-unicode": {
      "version": "2.0.1",
      "resolved": "https://bin.barco.com/artifactory/api/npm/npm-virtual/has-unicode/-/has-unicode-2.0.1.tgz",
      "integrity": "sha1-4Ob+aijPUROIVeCG0Wkedx3iqLk="
    },
    "iconv-lite": {
      "version": "0.4.19",
      "resolved": "https://bin.barco.com/artifactory/api/npm/npm-virtual/iconv-lite/-/iconv-lite-0.4.19.tgz",
      "integrity": "sha1-90aPYBNfXl2tM5nAqBvpoWA6CCs="
    },
    "ignore-walk": {
      "version": "3.0.1",
      "resolved": "https://bin.barco.com/artifactory/api/npm/npm-virtual/ignore-walk/-/ignore-walk-3.0.1.tgz",
      "integrity": "sha1-qD5i59JyrA47VRqqgoMaGbafgvg=",
      "requires": {
        "minimatch": "3.0.4"
      }
    },
    "inflight": {
      "version": "1.0.6",
      "resolved": "https://bin.barco.com/artifactory/api/npm/npm-virtual/inflight/-/inflight-1.0.6.tgz",
      "integrity": "sha1-Sb1jMdfQLQwJvJEKEHW6gWW1bfk=",
      "requires": {
        "once": "1.4.0",
        "wrappy": "1.0.2"
      }
    },
    "inherits": {
      "version": "2.0.3",
      "resolved": "https://bin.barco.com/artifactory/api/npm/npm-virtual/inherits/-/inherits-2.0.3.tgz",
      "integrity": "sha1-Yzwsg+PaQqUC9SRmAiSA9CCCYd4="
    },
    "ini": {
      "version": "1.3.4",
      "resolved": "https://bin.barco.com/artifactory/api/npm/npm-virtual/ini/-/ini-1.3.4.tgz",
      "integrity": "sha1-BTfLedr1m1mhpRff9wbIbsA5Fi4="
    },
    "is-fullwidth-code-point": {
      "version": "1.0.0",
      "resolved": "https://bin.barco.com/artifactory/api/npm/npm-virtual/is-fullwidth-code-point/-/is-fullwidth-code-point-1.0.0.tgz",
      "integrity": "sha1-754xOG8DGn8NZDr4L95QxFfvAMs=",
      "requires": {
        "number-is-nan": "1.0.1"
      }
    },
    "isarray": {
      "version": "1.0.0",
      "resolved": "https://bin.barco.com/artifactory/api/npm/npm-virtual/isarray/-/isarray-1.0.0.tgz",
      "integrity": "sha1-u5NdSFgsuhaMBoNJV6VKPgcSTxE="
    },
    "minimatch": {
      "version": "3.0.4",
      "resolved": "https://bin.barco.com/artifactory/api/npm/npm-virtual/minimatch/-/minimatch-3.0.4.tgz",
      "integrity": "sha1-UWbihkV/AzBgZL5Ul+jbsMPTIIM=",
      "requires": {
        "brace-expansion": "1.1.8"
      }
    },
    "minimist": {
      "version": "0.0.8",
      "resolved": "https://bin.barco.com/artifactory/api/npm/npm-virtual/minimist/-/minimist-0.0.8.tgz",
      "integrity": "sha1-hX/Kv8M5fSYluCKCYuhqp6ARsF0="
    },
    "minipass": {
      "version": "2.3.3",
      "resolved": "https://bin.barco.com/artifactory/api/npm/npm-virtual/minipass/-/minipass-2.3.3.tgz",
      "integrity": "sha1-p9zIt7gz9dNodZzOVE3MtV9Q8jM=",
      "requires": {
        "safe-buffer": "5.1.2",
        "yallist": "3.0.2"
      },
      "dependencies": {
        "safe-buffer": {
          "version": "5.1.2",
          "resolved": "https://bin.barco.com/artifactory/api/npm/npm-virtual/safe-buffer/-/safe-buffer-5.1.2.tgz",
          "integrity": "sha1-mR7GnSluAxN0fVm9/St0XDX4go0="
        },
        "yallist": {
          "version": "3.0.2",
          "resolved": "https://bin.barco.com/artifactory/api/npm/npm-virtual/yallist/-/yallist-3.0.2.tgz",
          "integrity": "sha1-hFK0u36Dx8GI2AQcGoN8dz1ti7k="
        }
      }
    },
    "mkdirp": {
      "version": "0.5.1",
      "resolved": "https://bin.barco.com/artifactory/api/npm/npm-virtual/mkdirp/-/mkdirp-0.5.1.tgz",
      "integrity": "sha1-MAV0OOrGz3+MR2fzhkjWaX11yQM=",
      "requires": {
        "minimist": "0.0.8"
      }
    },
    "ms": {
      "version": "2.0.0",
      "resolved": "https://bin.barco.com/artifactory/api/npm/npm-virtual/ms/-/ms-2.0.0.tgz",
      "integrity": "sha1-VgiurfwAvmwpAd9fmGF4jeDVl8g="
    },
    "needle": {
      "version": "2.2.1",
      "resolved": "https://bin.barco.com/artifactory/api/npm/npm-virtual/needle/-/needle-2.2.1.tgz",
      "integrity": "sha1-teMlvTqujCZ4kC+ilvcpRV0dOn0=",
      "requires": {
        "debug": "2.6.9",
        "iconv-lite": "0.4.19",
        "sax": "1.2.4"
      },
      "dependencies": {
        "sax": {
          "version": "1.2.4",
          "resolved": "https://bin.barco.com/artifactory/api/npm/npm-virtual/sax/-/sax-1.2.4.tgz",
          "integrity": "sha1-KBYjTiN4vdxOU1T6tcqold9xANk="
        }
      }
    },
    "nopt": {
      "version": "4.0.1",
      "resolved": "https://bin.barco.com/artifactory/api/npm/npm-virtual/nopt/-/nopt-4.0.1.tgz",
      "integrity": "sha1-0NRoWv1UFRk8jHUFYC0NF81kR00=",
      "requires": {
        "abbrev": "1.1.1",
        "osenv": "0.1.4"
      }
    },
    "npm-bundled": {
      "version": "1.0.3",
      "resolved": "https://bin.barco.com/artifactory/api/npm/npm-virtual/npm-bundled/-/npm-bundled-1.0.3.tgz",
      "integrity": "sha1-fnFwPZc68zcKlZG6/jpjrKC+Iwg="
    },
    "npm-packlist": {
      "version": "1.1.10",
      "resolved": "https://bin.barco.com/artifactory/api/npm/npm-virtual/npm-packlist/-/npm-packlist-1.1.10.tgz",
      "integrity": "sha1-EDnbnphXJ+Rk3wZvTPCrbvhcOYo=",
      "requires": {
        "ignore-walk": "3.0.1",
        "npm-bundled": "1.0.3"
      }
    },
    "npmlog": {
      "version": "4.1.2",
      "resolved": "https://bin.barco.com/artifactory/api/npm/npm-virtual/npmlog/-/npmlog-4.1.2.tgz",
      "integrity": "sha1-CKfyqL9zRgR3mp76StXMcXq7lUs=",
      "requires": {
        "are-we-there-yet": "1.1.4",
        "console-control-strings": "1.1.0",
        "gauge": "2.7.4",
        "set-blocking": "2.0.0"
      }
    },
    "number-is-nan": {
      "version": "1.0.1",
      "resolved": "https://bin.barco.com/artifactory/api/npm/npm-virtual/number-is-nan/-/number-is-nan-1.0.1.tgz",
      "integrity": "sha1-CXtgK1NCKlIsGvuHkDGDNpQaAR0="
    },
    "object-assign": {
      "version": "4.1.1",
      "resolved": "https://bin.barco.com/artifactory/api/npm/npm-virtual/object-assign/-/object-assign-4.1.1.tgz",
      "integrity": "sha1-IQmtx5ZYh8/AXLvUQsrIv7s2CGM="
    },
    "once": {
      "version": "1.4.0",
      "resolved": "https://bin.barco.com/artifactory/api/npm/npm-virtual/once/-/once-1.4.0.tgz",
      "integrity": "sha1-WDsap3WWHUsROsF9nFC6753Xa9E=",
      "requires": {
        "wrappy": "1.0.2"
      }
    },
    "os-homedir": {
      "version": "1.0.2",
      "resolved": "https://bin.barco.com/artifactory/api/npm/npm-virtual/os-homedir/-/os-homedir-1.0.2.tgz",
      "integrity": "sha1-/7xJiDNuDoM94MFox+8VISGqf7M="
    },
    "os-tmpdir": {
      "version": "1.0.2",
      "resolved": "https://bin.barco.com/artifactory/api/npm/npm-virtual/os-tmpdir/-/os-tmpdir-1.0.2.tgz",
      "integrity": "sha1-u+Z0BseaqFxc/sdm/lc0VV36EnQ="
    },
    "osenv": {
      "version": "0.1.4",
      "resolved": "https://bin.barco.com/artifactory/api/npm/npm-virtual/osenv/-/osenv-0.1.4.tgz",
      "integrity": "sha1-Qv5tWVPfBsgGS+bxdsPQWqqjRkQ=",
      "requires": {
        "os-homedir": "1.0.2",
        "os-tmpdir": "1.0.2"
      }
    },
    "path-is-absolute": {
      "version": "1.0.1",
      "resolved": "https://bin.barco.com/artifactory/api/npm/npm-virtual/path-is-absolute/-/path-is-absolute-1.0.1.tgz",
      "integrity": "sha1-F0uSaHNVNP+8es5r9TpanhtcX18="
    },
    "process-nextick-args": {
      "version": "1.0.7",
      "resolved": "https://bin.barco.com/artifactory/api/npm/npm-virtual/process-nextick-args/-/process-nextick-args-1.0.7.tgz",
      "integrity": "sha1-FQ4gt1ZZCtP5EJPyWk8q2L/zC6M="
    },
    "readable-stream": {
      "version": "2.3.3",
      "resolved": "https://bin.barco.com/artifactory/api/npm/npm-virtual/readable-stream/-/readable-stream-2.3.3.tgz",
      "integrity": "sha1-No8lEtefnUb9/HE0mueHi7weuVw=",
      "requires": {
        "core-util-is": "1.0.2",
        "inherits": "2.0.3",
        "isarray": "1.0.0",
        "process-nextick-args": "1.0.7",
        "safe-buffer": "5.1.1",
        "string_decoder": "1.0.3",
        "util-deprecate": "1.0.2"
      }
    },
    "rimraf": {
      "version": "2.6.2",
      "resolved": "https://bin.barco.com/artifactory/api/npm/npm-virtual/rimraf/-/rimraf-2.6.2.tgz",
      "integrity": "sha1-LtgVDSShbqhlHm1u8PR8QVjOejY=",
      "requires": {
        "glob": "7.1.2"
      }
    },
    "safe-buffer": {
      "version": "5.1.1",
      "resolved": "https://bin.barco.com/artifactory/api/npm/npm-virtual/safe-buffer/-/safe-buffer-5.1.1.tgz",
      "integrity": "sha1-iTMSr2myEj3vcfV4iQAWce6yyFM="
    },
    "semver": {
      "version": "5.4.1",
      "resolved": "https://bin.barco.com/artifactory/api/npm/npm-virtual/semver/-/semver-5.4.1.tgz",
      "integrity": "sha1-4FnAnYVx8FQII3M0M1BdOi8AsY4="
    },
    "set-blocking": {
      "version": "2.0.0",
      "resolved": "https://bin.barco.com/artifactory/api/npm/npm-virtual/set-blocking/-/set-blocking-2.0.0.tgz",
      "integrity": "sha1-BF+XgtARrppoA93TgrJDkrPYkPc="
    },
    "signal-exit": {
      "version": "3.0.2",
      "resolved": "https://bin.barco.com/artifactory/api/npm/npm-virtual/signal-exit/-/signal-exit-3.0.2.tgz",
      "integrity": "sha1-tf3AjxKH6hF4Yo5BXiUTK3NkbG0="
    },
    "string-width": {
      "version": "1.0.2",
      "resolved": "https://bin.barco.com/artifactory/api/npm/npm-virtual/string-width/-/string-width-1.0.2.tgz",
      "integrity": "sha1-EYvfW4zcUaKn5w0hHgfisLmxB9M=",
      "requires": {
        "code-point-at": "1.1.0",
        "is-fullwidth-code-point": "1.0.0",
        "strip-ansi": "3.0.1"
      }
    },
    "string_decoder": {
      "version": "1.0.3",
      "resolved": "https://bin.barco.com/artifactory/api/npm/npm-virtual/string_decoder/-/string_decoder-1.0.3.tgz",
      "integrity": "sha1-D8Z9fBQYJd6UKC3VNr7GubzoYKs=",
      "requires": {
        "safe-buffer": "5.1.1"
      }
    },
    "strip-ansi": {
      "version": "3.0.1",
      "resolved": "https://bin.barco.com/artifactory/api/npm/npm-virtual/strip-ansi/-/strip-ansi-3.0.1.tgz",
      "integrity": "sha1-ajhfuIU9lS1f8F0Oiq+UJ43GPc8=",
      "requires": {
        "ansi-regex": "2.1.1"
      }
    },
    "strip-json-comments": {
      "version": "2.0.1",
      "resolved": "https://bin.barco.com/artifactory/api/npm/npm-virtual/strip-json-comments/-/strip-json-comments-2.0.1.tgz",
      "integrity": "sha1-PFMZQukIwml8DsNEhYwobHygpgo="
    },
    "udev": {
      "version": "0.5.0",
      "resolved": "https://bin.barco.com/artifactory/api/npm/npm-virtual/udev/-/udev-0.5.0.tgz",
      "integrity": "sha1-RuxP4YJWZvkBCJ9ibfYjyR43EsY=",
      "requires": {
        "nan": "2.11.1",
        "node-pre-gyp": "0.11.0"
      },
      "dependencies": {
        "chownr": {
          "version": "1.1.1",
          "resolved": "https://bin.barco.com/artifactory/api/npm/npm-virtual/chownr/-/chownr-1.1.1.tgz",
          "integrity": "sha1-VHJri4//TfBTxCGH6AH7RBLfFJQ="
        },
        "deep-extend": {
          "version": "0.6.0",
          "resolved": "https://bin.barco.com/artifactory/api/npm/npm-virtual/deep-extend/-/deep-extend-0.6.0.tgz",
          "integrity": "sha1-xPp8lUBKF6nD6Mp+FTcxK3NjMKw="
        },
        "minimist": {
          "version": "1.2.0",
          "resolved": "https://bin.barco.com/artifactory/api/npm/npm-virtual/minimist/-/minimist-1.2.0.tgz",
          "integrity": "sha1-o1AIsg9BOD7sH7kU9M1d95omQoQ="
        },
        "minipass": {
          "version": "2.3.5",
          "resolved": "https://bin.barco.com/artifactory/api/npm/npm-virtual/minipass/-/minipass-2.3.5.tgz",
          "integrity": "sha1-ys6+SSAiSX9law8PUeJoKp7S2Eg=",
          "requires": {
            "safe-buffer": "5.1.2",
            "yallist": "3.0.3"
          }
        },
        "minizlib": {
          "version": "1.2.1",
          "resolved": "https://bin.barco.com/artifactory/api/npm/npm-virtual/minizlib/-/minizlib-1.2.1.tgz",
          "integrity": "sha1-3SfqYTYkPHyIBoToZyuzpF/ZthQ=",
          "requires": {
            "minipass": "2.3.5"
          }
        },
        "nan": {
          "version": "2.11.1",
          "resolved": "https://bin.barco.com/artifactory/api/npm/npm-virtual/nan/-/nan-2.11.1.tgz",
          "integrity": "sha1-kOIrzLjKV+pM03zIPTgZtS7qZ2Y="
        },
        "node-pre-gyp": {
          "version": "0.11.0",
          "resolved": "https://bin.barco.com/artifactory/api/npm/npm-virtual/node-pre-gyp/-/node-pre-gyp-0.11.0.tgz",
          "integrity": "sha1-2x8zIVJy9pLNOPAyOOPptHxd0FQ=",
          "requires": {
            "detect-libc": "1.0.3",
            "mkdirp": "0.5.1",
            "needle": "2.2.1",
            "nopt": "4.0.1",
            "npm-packlist": "1.1.10",
            "npmlog": "4.1.2",
            "rc": "1.2.8",
            "rimraf": "2.6.2",
            "semver": "5.4.1",
            "tar": "4.4.8"
          }
        },
        "rc": {
          "version": "1.2.8",
          "resolved": "https://bin.barco.com/artifactory/api/npm/npm-virtual/rc/-/rc-1.2.8.tgz",
          "integrity": "sha1-zZJL9SAKB1uDwYjNa54hG3/A0+0=",
          "requires": {
            "deep-extend": "0.6.0",
            "ini": "1.3.4",
            "minimist": "1.2.0",
            "strip-json-comments": "2.0.1"
          }
        },
        "safe-buffer": {
          "version": "5.1.2",
          "resolved": "https://bin.barco.com/artifactory/api/npm/npm-virtual/safe-buffer/-/safe-buffer-5.1.2.tgz",
          "integrity": "sha1-mR7GnSluAxN0fVm9/St0XDX4go0="
        },
        "tar": {
          "version": "4.4.8",
          "resolved": "https://bin.barco.com/artifactory/api/npm/npm-virtual/tar/-/tar-4.4.8.tgz",
          "integrity": "sha1-sZ7sP94qluZGZt+f20DFyhvDdH0=",
          "requires": {
            "chownr": "1.1.1",
            "fs-minipass": "1.2.5",
            "minipass": "2.3.5",
            "minizlib": "1.2.1",
            "mkdirp": "0.5.1",
            "safe-buffer": "5.1.2",
            "yallist": "3.0.3"
          }
        },
        "yallist": {
          "version": "3.0.3",
          "resolved": "https://bin.barco.com/artifactory/api/npm/npm-virtual/yallist/-/yallist-3.0.3.tgz",
          "integrity": "sha1-tLBJ4xS+VF486AIjbWzSLNkcPek="
        }
      }
    },
    "util-deprecate": {
      "version": "1.0.2",
      "resolved": "https://bin.barco.com/artifactory/api/npm/npm-virtual/util-deprecate/-/util-deprecate-1.0.2.tgz",
      "integrity": "sha1-RQ1Nyfpw3nMnYvvS1KKJgUGaDM8="
    },
    "wide-align": {
      "version": "1.1.2",
      "resolved": "https://bin.barco.com/artifactory/api/npm/npm-virtual/wide-align/-/wide-align-1.1.2.tgz",
      "integrity": "sha1-Vx4PGwYEY268DfwhsDObvjE0FxA=",
      "requires": {
        "string-width": "1.0.2"
      }
    },
    "wrappy": {
      "version": "1.0.2",
      "resolved": "https://bin.barco.com/artifactory/api/npm/npm-virtual/wrappy/-/wrappy-1.0.2.tgz",
      "integrity": "sha1-tSQ9jz7BqjXxNkYFvA0QNuMKtp8="
    },
    "xrandr": {
      "version": "0.2.0",
      "resolved": "https://bin.barco.com/artifactory/api/npm/npm-virtual/xrandr/-/xrandr-0.2.0.tgz",
      "integrity": "sha1-DaumKU+IBcFdSJ/l57DiLMhGeS4="
    }
  }
}
